dependencies:
  atanisoft/esp_lcd_ili9488:
    component_hash: 828cc2277e57298c2d35f5179d746aa6771f539c4c6d5663920505d52ddbe3a0
    source:
      service_url: https://api.components.espressif.com/
      type: service
    version: 1.0.9
  atanisoft/esp_lcd_touch_xpt2046:
    component_hash: 181384c3f652f2df1413daeb20f5ebe85a87c4214ab42ac4ef775d377305bc7e
    source:
      service_url: https://api.components.espressif.com/
      type: service
    version: 1.0.4
  espressif/esp_lcd_touch:
    component_hash: d4d8f2dc33205797169a97a02e0d89a8982f59fe0509129b54422052b8522f59
    source:
      service_url: https://api.components.espressif.com/
      type: service
    version: 1.1.1
  idf:
    component_hash: null
    source:
      type: idf
    version: 5.2.1
  lvgl/lvgl:
    component_hash: 2a8f619b5c2b1c7ad116c33d43dae8989c76739068f406a7e8ba9221e1085f17
    source:
      service_url: https://api.components.espressif.com/
      type: service
    version: 9.1.0
manifest_hash: 515b2cc6c2bafe359c811dfaa49fe31645dfc07e7b2896be6a2fe5a6ac7e86a1
target: esp32s3
version: 1.0.0
